// !$*UTF8*$!
{
	archiveVersion = 1;
	classes = {
	};
	objectVersion = 56;
	objects = {

/* Begin PBXBuildFile section */
		0CB7DE8432B09132CD7DA64B /* Pods_TournesolAppiOS_TournesolAppiOSUITests.framework in Frameworks */ = {isa = PBXBuildFile; fileRef = 0507CFCC6229F1B8AC03FA31 /* Pods_TournesolAppiOS_TournesolAppiOSUITests.framework */; };
		0DB79C40F248A2AAD0CC065F /* Pods_TournesolAppiOS.framework in Frameworks */ = {isa = PBXBuildFile; fileRef = 623AC90389D4A337A1801FFB /* Pods_TournesolAppiOS.framework */; };
		3E0F416529EC1F4C00A69DE6 /* FeaturedHome.swift in Sources */ = {isa = PBXBuildFile; fileRef = 3E0F416429EC1F4C00A69DE6 /* FeaturedHome.swift */; };
		3E0F416729EC224B00A69DE6 /* FeaturedRow.swift in Sources */ = {isa = PBXBuildFile; fileRef = 3E0F416629EC224B00A69DE6 /* FeaturedRow.swift */; };
		3E0F416929EC22D000A69DE6 /* FeaturesCategories.swift in Sources */ = {isa = PBXBuildFile; fileRef = 3E0F416829EC22D000A69DE6 /* FeaturesCategories.swift */; };
		3E0F416B29EC2C5000A69DE6 /* FeaturedVideoView.swift in Sources */ = {isa = PBXBuildFile; fileRef = 3E0F416A29EC2C5000A69DE6 /* FeaturedVideoView.swift */; };
		3E37794929BE7F7C00094242 /* TournesolAppiOSApp.swift in Sources */ = {isa = PBXBuildFile; fileRef = 3E37794829BE7F7C00094242 /* TournesolAppiOSApp.swift */; };
		3E37794B29BE7F7C00094242 /* ContentView.swift in Sources */ = {isa = PBXBuildFile; fileRef = 3E37794A29BE7F7C00094242 /* ContentView.swift */; };
		3E37794D29BE7F7E00094242 /* Assets.xcassets in Resources */ = {isa = PBXBuildFile; fileRef = 3E37794C29BE7F7E00094242 /* Assets.xcassets */; };
		3E37795029BE7F7E00094242 /* Preview Assets.xcassets in Resources */ = {isa = PBXBuildFile; fileRef = 3E37794F29BE7F7E00094242 /* Preview Assets.xcassets */; };
		3E37795A29BE7F7E00094242 /* TournesolAppiOSTests.swift in Sources */ = {isa = PBXBuildFile; fileRef = 3E37795929BE7F7E00094242 /* TournesolAppiOSTests.swift */; };
		3E37796429BE7F7E00094242 /* TournesolAppiOSUITests.swift in Sources */ = {isa = PBXBuildFile; fileRef = 3E37796329BE7F7E00094242 /* TournesolAppiOSUITests.swift */; };
		3E37796629BE7F7E00094242 /* TournesolAppiOSUITestsLaunchTests.swift in Sources */ = {isa = PBXBuildFile; fileRef = 3E37796529BE7F7E00094242 /* TournesolAppiOSUITestsLaunchTests.swift */; };
		3E37797729BE892B00094242 /* Recommendation.swift in Sources */ = {isa = PBXBuildFile; fileRef = 3E37797629BE892B00094242 /* Recommendation.swift */; };
		3E37797B29BE8B5300094242 /* VideoView.swift in Sources */ = {isa = PBXBuildFile; fileRef = 3E37797A29BE8B5300094242 /* VideoView.swift */; };
		3EC80DB629EC57A900D162A9 /* ProfileHost.swift in Sources */ = {isa = PBXBuildFile; fileRef = 3EC80DB529EC57A900D162A9 /* ProfileHost.swift */; };
		3EC80DB829EC57D900D162A9 /* ModelData.swift in Sources */ = {isa = PBXBuildFile; fileRef = 3EC80DB729EC57D900D162A9 /* ModelData.swift */; };
		3EC80DBA29EC580A00D162A9 /* Profile.swift in Sources */ = {isa = PBXBuildFile; fileRef = 3EC80DB929EC580A00D162A9 /* Profile.swift */; };
		3EC80DBC29EC58A200D162A9 /* ProfileSummary.swift in Sources */ = {isa = PBXBuildFile; fileRef = 3EC80DBB29EC58A200D162A9 /* ProfileSummary.swift */; };
		3EC80DBE29EC595000D162A9 /* ProfileEditor.swift in Sources */ = {isa = PBXBuildFile; fileRef = 3EC80DBD29EC595000D162A9 /* ProfileEditor.swift */; };
		3EE8723029EB473E004A1CCD /* RecommendationsHome.swift in Sources */ = {isa = PBXBuildFile; fileRef = 3EE8722F29EB473E004A1CCD /* RecommendationsHome.swift */; };
		3EE8723229EB4FD6004A1CCD /* TaskFilter.swift in Sources */ = {isa = PBXBuildFile; fileRef = 3EE8723129EB4FD6004A1CCD /* TaskFilter.swift */; };
		3EE8723429EB5337004A1CCD /* DateHelper.swift in Sources */ = {isa = PBXBuildFile; fileRef = 3EE8723329EB5337004A1CCD /* DateHelper.swift */; };
		3EE8723629EB595A004A1CCD /* LanguageFilter.swift in Sources */ = {isa = PBXBuildFile; fileRef = 3EE8723529EB595A004A1CCD /* LanguageFilter.swift */; };
		BE83A8EADFC0E84FA3C86AD2 /* Pods_TournesolAppiOSTests.framework in Frameworks */ = {isa = PBXBuildFile; fileRef = CF447E46180A69C3BCCA8689 /* Pods_TournesolAppiOSTests.framework */; };
/* End PBXBuildFile section */

/* Begin PBXContainerItemProxy section */
		3E37795629BE7F7E00094242 /* PBXContainerItemProxy */ = {
			isa = PBXContainerItemProxy;
			containerPortal = 3E37793D29BE7F7C00094242 /* Project object */;
			proxyType = 1;
			remoteGlobalIDString = 3E37794429BE7F7C00094242;
			remoteInfo = TournesolAppiOS;
		};
		3E37796029BE7F7E00094242 /* PBXContainerItemProxy */ = {
			isa = PBXContainerItemProxy;
			containerPortal = 3E37793D29BE7F7C00094242 /* Project object */;
			proxyType = 1;
			remoteGlobalIDString = 3E37794429BE7F7C00094242;
			remoteInfo = TournesolAppiOS;
		};
/* End PBXContainerItemProxy section */

/* Begin PBXFileReference section */
		0507CFCC6229F1B8AC03FA31 /* Pods_TournesolAppiOS_TournesolAppiOSUITests.framework */ = {isa = PBXFileReference; explicitFileType = wrapper.framework; includeInIndex = 0; path = Pods_TournesolAppiOS_TournesolAppiOSUITests.framework; sourceTree = BUILT_PRODUCTS_DIR; };
		3766C3C9E75D9E0EA79DE7D2 /* Pods-TournesolAppiOS.release.xcconfig */ = {isa = PBXFileReference; includeInIndex = 1; lastKnownFileType = text.xcconfig; name = "Pods-TournesolAppiOS.release.xcconfig"; path = "Target Support Files/Pods-TournesolAppiOS/Pods-TournesolAppiOS.release.xcconfig"; sourceTree = "<group>"; };
		3E0F416429EC1F4C00A69DE6 /* FeaturedHome.swift */ = {isa = PBXFileReference; lastKnownFileType = sourcecode.swift; path = FeaturedHome.swift; sourceTree = "<group>"; };
		3E0F416629EC224B00A69DE6 /* FeaturedRow.swift */ = {isa = PBXFileReference; lastKnownFileType = sourcecode.swift; path = FeaturedRow.swift; sourceTree = "<group>"; };
		3E0F416829EC22D000A69DE6 /* FeaturesCategories.swift */ = {isa = PBXFileReference; lastKnownFileType = sourcecode.swift; path = FeaturesCategories.swift; sourceTree = "<group>"; };
		3E0F416A29EC2C5000A69DE6 /* FeaturedVideoView.swift */ = {isa = PBXFileReference; lastKnownFileType = sourcecode.swift; path = FeaturedVideoView.swift; sourceTree = "<group>"; };
		3E37618129EB410E007BB55F /* Info.plist */ = {isa = PBXFileReference; lastKnownFileType = text.plist; path = Info.plist; sourceTree = "<group>"; };
		3E37794529BE7F7C00094242 /* TournesolAppiOS.app */ = {isa = PBXFileReference; explicitFileType = wrapper.application; includeInIndex = 0; path = TournesolAppiOS.app; sourceTree = BUILT_PRODUCTS_DIR; };
		3E37794829BE7F7C00094242 /* TournesolAppiOSApp.swift */ = {isa = PBXFileReference; lastKnownFileType = sourcecode.swift; path = TournesolAppiOSApp.swift; sourceTree = "<group>"; };
		3E37794A29BE7F7C00094242 /* ContentView.swift */ = {isa = PBXFileReference; lastKnownFileType = sourcecode.swift; path = ContentView.swift; sourceTree = "<group>"; };
		3E37794C29BE7F7E00094242 /* Assets.xcassets */ = {isa = PBXFileReference; lastKnownFileType = folder.assetcatalog; path = Assets.xcassets; sourceTree = "<group>"; };
		3E37794F29BE7F7E00094242 /* Preview Assets.xcassets */ = {isa = PBXFileReference; lastKnownFileType = folder.assetcatalog; path = "Preview Assets.xcassets"; sourceTree = "<group>"; };
		3E37795529BE7F7E00094242 /* TournesolAppiOSTests.xctest */ = {isa = PBXFileReference; explicitFileType = wrapper.cfbundle; includeInIndex = 0; path = TournesolAppiOSTests.xctest; sourceTree = BUILT_PRODUCTS_DIR; };
		3E37795929BE7F7E00094242 /* TournesolAppiOSTests.swift */ = {isa = PBXFileReference; lastKnownFileType = sourcecode.swift; path = TournesolAppiOSTests.swift; sourceTree = "<group>"; };
		3E37795F29BE7F7E00094242 /* TournesolAppiOSUITests.xctest */ = {isa = PBXFileReference; explicitFileType = wrapper.cfbundle; includeInIndex = 0; path = TournesolAppiOSUITests.xctest; sourceTree = BUILT_PRODUCTS_DIR; };
		3E37796329BE7F7E00094242 /* TournesolAppiOSUITests.swift */ = {isa = PBXFileReference; lastKnownFileType = sourcecode.swift; path = TournesolAppiOSUITests.swift; sourceTree = "<group>"; };
		3E37796529BE7F7E00094242 /* TournesolAppiOSUITestsLaunchTests.swift */ = {isa = PBXFileReference; lastKnownFileType = sourcecode.swift; path = TournesolAppiOSUITestsLaunchTests.swift; sourceTree = "<group>"; };
		3E37797629BE892B00094242 /* Recommendation.swift */ = {isa = PBXFileReference; lastKnownFileType = sourcecode.swift; path = Recommendation.swift; sourceTree = "<group>"; };
		3E37797A29BE8B5300094242 /* VideoView.swift */ = {isa = PBXFileReference; lastKnownFileType = sourcecode.swift; path = VideoView.swift; sourceTree = "<group>"; };
		3EC80DB529EC57A900D162A9 /* ProfileHost.swift */ = {isa = PBXFileReference; lastKnownFileType = sourcecode.swift; path = ProfileHost.swift; sourceTree = "<group>"; };
		3EC80DB729EC57D900D162A9 /* ModelData.swift */ = {isa = PBXFileReference; lastKnownFileType = sourcecode.swift; path = ModelData.swift; sourceTree = "<group>"; };
		3EC80DB929EC580A00D162A9 /* Profile.swift */ = {isa = PBXFileReference; lastKnownFileType = sourcecode.swift; path = Profile.swift; sourceTree = "<group>"; };
		3EC80DBB29EC58A200D162A9 /* ProfileSummary.swift */ = {isa = PBXFileReference; lastKnownFileType = sourcecode.swift; path = ProfileSummary.swift; sourceTree = "<group>"; };
		3EC80DBD29EC595000D162A9 /* ProfileEditor.swift */ = {isa = PBXFileReference; lastKnownFileType = sourcecode.swift; path = ProfileEditor.swift; sourceTree = "<group>"; };
		3EE8722F29EB473E004A1CCD /* RecommendationsHome.swift */ = {isa = PBXFileReference; lastKnownFileType = sourcecode.swift; path = RecommendationsHome.swift; sourceTree = "<group>"; };
		3EE8723129EB4FD6004A1CCD /* TaskFilter.swift */ = {isa = PBXFileReference; lastKnownFileType = sourcecode.swift; path = TaskFilter.swift; sourceTree = "<group>"; };
		3EE8723329EB5337004A1CCD /* DateHelper.swift */ = {isa = PBXFileReference; lastKnownFileType = sourcecode.swift; path = DateHelper.swift; sourceTree = "<group>"; };
		3EE8723529EB595A004A1CCD /* LanguageFilter.swift */ = {isa = PBXFileReference; lastKnownFileType = sourcecode.swift; path = LanguageFilter.swift; sourceTree = "<group>"; };
		623AC90389D4A337A1801FFB /* Pods_TournesolAppiOS.framework */ = {isa = PBXFileReference; explicitFileType = wrapper.framework; includeInIndex = 0; path = Pods_TournesolAppiOS.framework; sourceTree = BUILT_PRODUCTS_DIR; };
		67E9E01A20A7CB37C970AAA0 /* Pods-TournesolAppiOS.debug.xcconfig */ = {isa = PBXFileReference; includeInIndex = 1; lastKnownFileType = text.xcconfig; name = "Pods-TournesolAppiOS.debug.xcconfig"; path = "Target Support Files/Pods-TournesolAppiOS/Pods-TournesolAppiOS.debug.xcconfig"; sourceTree = "<group>"; };
		B01260D99CFC1B4ECA9693C7 /* Pods-TournesolAppiOS-TournesolAppiOSUITests.release.xcconfig */ = {isa = PBXFileReference; includeInIndex = 1; lastKnownFileType = text.xcconfig; name = "Pods-TournesolAppiOS-TournesolAppiOSUITests.release.xcconfig"; path = "Target Support Files/Pods-TournesolAppiOS-TournesolAppiOSUITests/Pods-TournesolAppiOS-TournesolAppiOSUITests.release.xcconfig"; sourceTree = "<group>"; };
		C1502240372C3F96C0CBCCE3 /* Pods-TournesolAppiOSTests.release.xcconfig */ = {isa = PBXFileReference; includeInIndex = 1; lastKnownFileType = text.xcconfig; name = "Pods-TournesolAppiOSTests.release.xcconfig"; path = "Target Support Files/Pods-TournesolAppiOSTests/Pods-TournesolAppiOSTests.release.xcconfig"; sourceTree = "<group>"; };
		C58260743BB5C260F2B02CD9 /* Pods-TournesolAppiOS-TournesolAppiOSUITests.debug.xcconfig */ = {isa = PBXFileReference; includeInIndex = 1; lastKnownFileType = text.xcconfig; name = "Pods-TournesolAppiOS-TournesolAppiOSUITests.debug.xcconfig"; path = "Target Support Files/Pods-TournesolAppiOS-TournesolAppiOSUITests/Pods-TournesolAppiOS-TournesolAppiOSUITests.debug.xcconfig"; sourceTree = "<group>"; };
		C98FE3C47320ED770C86CF0B /* Pods-TournesolAppiOSTests.debug.xcconfig */ = {isa = PBXFileReference; includeInIndex = 1; lastKnownFileType = text.xcconfig; name = "Pods-TournesolAppiOSTests.debug.xcconfig"; path = "Target Support Files/Pods-TournesolAppiOSTests/Pods-TournesolAppiOSTests.debug.xcconfig"; sourceTree = "<group>"; };
		CF447E46180A69C3BCCA8689 /* Pods_TournesolAppiOSTests.framework */ = {isa = PBXFileReference; explicitFileType = wrapper.framework; includeInIndex = 0; path = Pods_TournesolAppiOSTests.framework; sourceTree = BUILT_PRODUCTS_DIR; };
/* End PBXFileReference section */

/* Begin PBXFrameworksBuildPhase section */
		3E37794229BE7F7C00094242 /* Frameworks */ = {
			isa = PBXFrameworksBuildPhase;
			buildActionMask = 2147483647;
			files = (
				0DB79C40F248A2AAD0CC065F /* Pods_TournesolAppiOS.framework in Frameworks */,
			);
			runOnlyForDeploymentPostprocessing = 0;
		};
		3E37795229BE7F7E00094242 /* Frameworks */ = {
			isa = PBXFrameworksBuildPhase;
			buildActionMask = 2147483647;
			files = (
				BE83A8EADFC0E84FA3C86AD2 /* Pods_TournesolAppiOSTests.framework in Frameworks */,
			);
			runOnlyForDeploymentPostprocessing = 0;
		};
		3E37795C29BE7F7E00094242 /* Frameworks */ = {
			isa = PBXFrameworksBuildPhase;
			buildActionMask = 2147483647;
			files = (
				0CB7DE8432B09132CD7DA64B /* Pods_TournesolAppiOS_TournesolAppiOSUITests.framework in Frameworks */,
			);
			runOnlyForDeploymentPostprocessing = 0;
		};
/* End PBXFrameworksBuildPhase section */

/* Begin PBXGroup section */
		1C4A0CE0C75D58A59E45D392 /* Frameworks */ = {
			isa = PBXGroup;
			children = (
				623AC90389D4A337A1801FFB /* Pods_TournesolAppiOS.framework */,
				0507CFCC6229F1B8AC03FA31 /* Pods_TournesolAppiOS_TournesolAppiOSUITests.framework */,
				CF447E46180A69C3BCCA8689 /* Pods_TournesolAppiOSTests.framework */,
			);
			name = Frameworks;
			sourceTree = "<group>";
		};
		3E0F416329EC1F3400A69DE6 /* Featured */ = {
			isa = PBXGroup;
			children = (
				3E0F416429EC1F4C00A69DE6 /* FeaturedHome.swift */,
				3E0F416629EC224B00A69DE6 /* FeaturedRow.swift */,
				3E0F416A29EC2C5000A69DE6 /* FeaturedVideoView.swift */,
			);
			path = Featured;
			sourceTree = "<group>";
		};
		3E37793C29BE7F7C00094242 = {
			isa = PBXGroup;
			children = (
				3E37794729BE7F7C00094242 /* TournesolAppiOS */,
				3E37795829BE7F7E00094242 /* TournesolAppiOSTests */,
				3E37796229BE7F7E00094242 /* TournesolAppiOSUITests */,
				3E37794629BE7F7C00094242 /* Products */,
				F20D4BD269D2D1E126D84A16 /* Pods */,
				1C4A0CE0C75D58A59E45D392 /* Frameworks */,
			);
			sourceTree = "<group>";
		};
		3E37794629BE7F7C00094242 /* Products */ = {
			isa = PBXGroup;
			children = (
				3E37794529BE7F7C00094242 /* TournesolAppiOS.app */,
				3E37795529BE7F7E00094242 /* TournesolAppiOSTests.xctest */,
				3E37795F29BE7F7E00094242 /* TournesolAppiOSUITests.xctest */,
			);
			name = Products;
			sourceTree = "<group>";
		};
		3E37794729BE7F7C00094242 /* TournesolAppiOS */ = {
			isa = PBXGroup;
			children = (
				3E37618129EB410E007BB55F /* Info.plist */,
				3E37798029BE8FB400094242 /* Views */,
				3E37797D29BE8CFA00094242 /* Model */,
				3E37794829BE7F7C00094242 /* TournesolAppiOSApp.swift */,
				3E37794C29BE7F7E00094242 /* Assets.xcassets */,
				3E37794E29BE7F7E00094242 /* Preview Content */,
			);
			path = TournesolAppiOS;
			sourceTree = "<group>";
		};
		3E37794E29BE7F7E00094242 /* Preview Content */ = {
			isa = PBXGroup;
			children = (
				3E37794F29BE7F7E00094242 /* Preview Assets.xcassets */,
			);
			path = "Preview Content";
			sourceTree = "<group>";
		};
		3E37795829BE7F7E00094242 /* TournesolAppiOSTests */ = {
			isa = PBXGroup;
			children = (
				3E37795929BE7F7E00094242 /* TournesolAppiOSTests.swift */,
			);
			path = TournesolAppiOSTests;
			sourceTree = "<group>";
		};
		3E37796229BE7F7E00094242 /* TournesolAppiOSUITests */ = {
			isa = PBXGroup;
			children = (
				3E37796329BE7F7E00094242 /* TournesolAppiOSUITests.swift */,
				3E37796529BE7F7E00094242 /* TournesolAppiOSUITestsLaunchTests.swift */,
			);
			path = TournesolAppiOSUITests;
			sourceTree = "<group>";
		};
		3E37797D29BE8CFA00094242 /* Model */ = {
			isa = PBXGroup;
			children = (
				3E37797629BE892B00094242 /* Recommendation.swift */,
				3EE8723129EB4FD6004A1CCD /* TaskFilter.swift */,
				3EE8723329EB5337004A1CCD /* DateHelper.swift */,
				3EE8723529EB595A004A1CCD /* LanguageFilter.swift */,
				3E0F416829EC22D000A69DE6 /* FeaturesCategories.swift */,
				3EC80DB729EC57D900D162A9 /* ModelData.swift */,
				3EC80DB929EC580A00D162A9 /* Profile.swift */,
			);
			path = Model;
			sourceTree = "<group>";
		};
		3E37798029BE8FB400094242 /* Views */ = {
			isa = PBXGroup;
			children = (
				3EC80DB429EC579C00D162A9 /* Profile */,
				3E0F416329EC1F3400A69DE6 /* Featured */,
				3EE8722E29EB4729004A1CCD /* Recommendations */,
				3E37794A29BE7F7C00094242 /* ContentView.swift */,
			);
			path = Views;
			sourceTree = "<group>";
		};
		3EC80DB429EC579C00D162A9 /* Profile */ = {
			isa = PBXGroup;
			children = (
				3EC80DB529EC57A900D162A9 /* ProfileHost.swift */,
				3EC80DBB29EC58A200D162A9 /* ProfileSummary.swift */,
				3EC80DBD29EC595000D162A9 /* ProfileEditor.swift */,
			);
			path = Profile;
			sourceTree = "<group>";
		};
		3EE8722E29EB4729004A1CCD /* Recommendations */ = {
			isa = PBXGroup;
			children = (
				3E37797A29BE8B5300094242 /* VideoView.swift */,
				3EE8722F29EB473E004A1CCD /* RecommendationsHome.swift */,
			);
			path = Recommendations;
			sourceTree = "<group>";
		};
		F20D4BD269D2D1E126D84A16 /* Pods */ = {
			isa = PBXGroup;
			children = (
				67E9E01A20A7CB37C970AAA0 /* Pods-TournesolAppiOS.debug.xcconfig */,
				3766C3C9E75D9E0EA79DE7D2 /* Pods-TournesolAppiOS.release.xcconfig */,
				C58260743BB5C260F2B02CD9 /* Pods-TournesolAppiOS-TournesolAppiOSUITests.debug.xcconfig */,
				B01260D99CFC1B4ECA9693C7 /* Pods-TournesolAppiOS-TournesolAppiOSUITests.release.xcconfig */,
				C98FE3C47320ED770C86CF0B /* Pods-TournesolAppiOSTests.debug.xcconfig */,
				C1502240372C3F96C0CBCCE3 /* Pods-TournesolAppiOSTests.release.xcconfig */,
			);
			path = Pods;
			sourceTree = "<group>";
		};
/* End PBXGroup section */

/* Begin PBXNativeTarget section */
		3E37794429BE7F7C00094242 /* TournesolAppiOS */ = {
			isa = PBXNativeTarget;
			buildConfigurationList = 3E37796929BE7F7E00094242 /* Build configuration list for PBXNativeTarget "TournesolAppiOS" */;
			buildPhases = (
				CD5442C2FC6D3C973E1B3211 /* [CP] Check Pods Manifest.lock */,
				3E37794129BE7F7C00094242 /* Sources */,
				3E37794229BE7F7C00094242 /* Frameworks */,
				3E37794329BE7F7C00094242 /* Resources */,
				08DCB8FA53082E013B9FF871 /* [CP] Embed Pods Frameworks */,
			);
			buildRules = (
			);
			dependencies = (
			);
			name = TournesolAppiOS;
			productName = TournesolAppiOS;
			productReference = 3E37794529BE7F7C00094242 /* TournesolAppiOS.app */;
			productType = "com.apple.product-type.application";
		};
		3E37795429BE7F7E00094242 /* TournesolAppiOSTests */ = {
			isa = PBXNativeTarget;
			buildConfigurationList = 3E37796C29BE7F7E00094242 /* Build configuration list for PBXNativeTarget "TournesolAppiOSTests" */;
			buildPhases = (
				1216DE380D5EBE0F7D5E0F98 /* [CP] Check Pods Manifest.lock */,
				3E37795129BE7F7E00094242 /* Sources */,
				3E37795229BE7F7E00094242 /* Frameworks */,
				3E37795329BE7F7E00094242 /* Resources */,
			);
			buildRules = (
			);
			dependencies = (
				3E37795729BE7F7E00094242 /* PBXTargetDependency */,
			);
			name = TournesolAppiOSTests;
			productName = TournesolAppiOSTests;
			productReference = 3E37795529BE7F7E00094242 /* TournesolAppiOSTests.xctest */;
			productType = "com.apple.product-type.bundle.unit-test";
		};
		3E37795E29BE7F7E00094242 /* TournesolAppiOSUITests */ = {
			isa = PBXNativeTarget;
			buildConfigurationList = 3E37796F29BE7F7E00094242 /* Build configuration list for PBXNativeTarget "TournesolAppiOSUITests" */;
			buildPhases = (
				4395CB90DD443BEDD5B67E20 /* [CP] Check Pods Manifest.lock */,
				3E37795B29BE7F7E00094242 /* Sources */,
				3E37795C29BE7F7E00094242 /* Frameworks */,
				3E37795D29BE7F7E00094242 /* Resources */,
				0BD54F5586ECF74A7779B319 /* [CP] Embed Pods Frameworks */,
			);
			buildRules = (
			);
			dependencies = (
				3E37796129BE7F7E00094242 /* PBXTargetDependency */,
			);
			name = TournesolAppiOSUITests;
			productName = TournesolAppiOSUITests;
			productReference = 3E37795F29BE7F7E00094242 /* TournesolAppiOSUITests.xctest */;
			productType = "com.apple.product-type.bundle.ui-testing";
		};
/* End PBXNativeTarget section */

/* Begin PBXProject section */
		3E37793D29BE7F7C00094242 /* Project object */ = {
			isa = PBXProject;
			attributes = {
				BuildIndependentTargetsInParallel = 1;
				LastSwiftUpdateCheck = 1420;
				LastUpgradeCheck = 1420;
				TargetAttributes = {
					3E37794429BE7F7C00094242 = {
						CreatedOnToolsVersion = 14.2;
					};
					3E37795429BE7F7E00094242 = {
						CreatedOnToolsVersion = 14.2;
						TestTargetID = 3E37794429BE7F7C00094242;
					};
					3E37795E29BE7F7E00094242 = {
						CreatedOnToolsVersion = 14.2;
						TestTargetID = 3E37794429BE7F7C00094242;
					};
				};
			};
			buildConfigurationList = 3E37794029BE7F7C00094242 /* Build configuration list for PBXProject "TournesolAppiOS" */;
			compatibilityVersion = "Xcode 14.0";
			developmentRegion = en;
			hasScannedForEncodings = 0;
			knownRegions = (
				en,
				Base,
			);
			mainGroup = 3E37793C29BE7F7C00094242;
			productRefGroup = 3E37794629BE7F7C00094242 /* Products */;
			projectDirPath = "";
			projectRoot = "";
			targets = (
				3E37794429BE7F7C00094242 /* TournesolAppiOS */,
				3E37795429BE7F7E00094242 /* TournesolAppiOSTests */,
				3E37795E29BE7F7E00094242 /* TournesolAppiOSUITests */,
			);
		};
/* End PBXProject section */

/* Begin PBXResourcesBuildPhase section */
		3E37794329BE7F7C00094242 /* Resources */ = {
			isa = PBXResourcesBuildPhase;
			buildActionMask = 2147483647;
			files = (
				3E37795029BE7F7E00094242 /* Preview Assets.xcassets in Resources */,
				3E37794D29BE7F7E00094242 /* Assets.xcassets in Resources */,
			);
			runOnlyForDeploymentPostprocessing = 0;
		};
		3E37795329BE7F7E00094242 /* Resources */ = {
			isa = PBXResourcesBuildPhase;
			buildActionMask = 2147483647;
			files = (
			);
			runOnlyForDeploymentPostprocessing = 0;
		};
		3E37795D29BE7F7E00094242 /* Resources */ = {
			isa = PBXResourcesBuildPhase;
			buildActionMask = 2147483647;
			files = (
			);
			runOnlyForDeploymentPostprocessing = 0;
		};
/* End PBXResourcesBuildPhase section */

/* Begin PBXShellScriptBuildPhase section */
		08DCB8FA53082E013B9FF871 /* [CP] Embed Pods Frameworks */ = {
			isa = PBXShellScriptBuildPhase;
			buildActionMask = 2147483647;
			files = (
			);
			inputFileListPaths = (
				"${PODS_ROOT}/Target Support Files/Pods-TournesolAppiOS/Pods-TournesolAppiOS-frameworks-${CONFIGURATION}-input-files.xcfilelist",
			);
			name = "[CP] Embed Pods Frameworks";
			outputFileListPaths = (
				"${PODS_ROOT}/Target Support Files/Pods-TournesolAppiOS/Pods-TournesolAppiOS-frameworks-${CONFIGURATION}-output-files.xcfilelist",
			);
			runOnlyForDeploymentPostprocessing = 0;
			shellPath = /bin/sh;
			shellScript = "\"${PODS_ROOT}/Target Support Files/Pods-TournesolAppiOS/Pods-TournesolAppiOS-frameworks.sh\"\n";
			showEnvVarsInLog = 0;
		};
		0BD54F5586ECF74A7779B319 /* [CP] Embed Pods Frameworks */ = {
			isa = PBXShellScriptBuildPhase;
			buildActionMask = 2147483647;
			files = (
			);
			inputFileListPaths = (
				"${PODS_ROOT}/Target Support Files/Pods-TournesolAppiOS-TournesolAppiOSUITests/Pods-TournesolAppiOS-TournesolAppiOSUITests-frameworks-${CONFIGURATION}-input-files.xcfilelist",
			);
			name = "[CP] Embed Pods Frameworks";
			outputFileListPaths = (
				"${PODS_ROOT}/Target Support Files/Pods-TournesolAppiOS-TournesolAppiOSUITests/Pods-TournesolAppiOS-TournesolAppiOSUITests-frameworks-${CONFIGURATION}-output-files.xcfilelist",
			);
			runOnlyForDeploymentPostprocessing = 0;
			shellPath = /bin/sh;
			shellScript = "\"${PODS_ROOT}/Target Support Files/Pods-TournesolAppiOS-TournesolAppiOSUITests/Pods-TournesolAppiOS-TournesolAppiOSUITests-frameworks.sh\"\n";
			showEnvVarsInLog = 0;
		};
		1216DE380D5EBE0F7D5E0F98 /* [CP] Check Pods Manifest.lock */ = {
			isa = PBXShellScriptBuildPhase;
			buildActionMask = 2147483647;
			files = (
			);
			inputFileListPaths = (
			);
			inputPaths = (
				"${PODS_PODFILE_DIR_PATH}/Podfile.lock",
				"${PODS_ROOT}/Manifest.lock",
			);
			name = "[CP] Check Pods Manifest.lock";
			outputFileListPaths = (
			);
			outputPaths = (
				"$(DERIVED_FILE_DIR)/Pods-TournesolAppiOSTests-checkManifestLockResult.txt",
			);
			runOnlyForDeploymentPostprocessing = 0;
			shellPath = /bin/sh;
			shellScript = "diff \"${PODS_PODFILE_DIR_PATH}/Podfile.lock\" \"${PODS_ROOT}/Manifest.lock\" > /dev/null\nif [ $? != 0 ] ; then\n    # print error to STDERR\n    echo \"error: The sandbox is not in sync with the Podfile.lock. Run 'pod install' or update your CocoaPods installation.\" >&2\n    exit 1\nfi\n# This output is used by Xcode 'outputs' to avoid re-running this script phase.\necho \"SUCCESS\" > \"${SCRIPT_OUTPUT_FILE_0}\"\n";
			showEnvVarsInLog = 0;
		};
		4395CB90DD443BEDD5B67E20 /* [CP] Check Pods Manifest.lock */ = {
			isa = PBXShellScriptBuildPhase;
			buildActionMask = 2147483647;
			files = (
			);
			inputFileListPaths = (
			);
			inputPaths = (
				"${PODS_PODFILE_DIR_PATH}/Podfile.lock",
				"${PODS_ROOT}/Manifest.lock",
			);
			name = "[CP] Check Pods Manifest.lock";
			outputFileListPaths = (
			);
			outputPaths = (
				"$(DERIVED_FILE_DIR)/Pods-TournesolAppiOS-TournesolAppiOSUITests-checkManifestLockResult.txt",
			);
			runOnlyForDeploymentPostprocessing = 0;
			shellPath = /bin/sh;
			shellScript = "diff \"${PODS_PODFILE_DIR_PATH}/Podfile.lock\" \"${PODS_ROOT}/Manifest.lock\" > /dev/null\nif [ $? != 0 ] ; then\n    # print error to STDERR\n    echo \"error: The sandbox is not in sync with the Podfile.lock. Run 'pod install' or update your CocoaPods installation.\" >&2\n    exit 1\nfi\n# This output is used by Xcode 'outputs' to avoid re-running this script phase.\necho \"SUCCESS\" > \"${SCRIPT_OUTPUT_FILE_0}\"\n";
			showEnvVarsInLog = 0;
		};
		CD5442C2FC6D3C973E1B3211 /* [CP] Check Pods Manifest.lock */ = {
			isa = PBXShellScriptBuildPhase;
			buildActionMask = 2147483647;
			files = (
			);
			inputFileListPaths = (
			);
			inputPaths = (
				"${PODS_PODFILE_DIR_PATH}/Podfile.lock",
				"${PODS_ROOT}/Manifest.lock",
			);
			name = "[CP] Check Pods Manifest.lock";
			outputFileListPaths = (
			);
			outputPaths = (
				"$(DERIVED_FILE_DIR)/Pods-TournesolAppiOS-checkManifestLockResult.txt",
			);
			runOnlyForDeploymentPostprocessing = 0;
			shellPath = /bin/sh;
			shellScript = "diff \"${PODS_PODFILE_DIR_PATH}/Podfile.lock\" \"${PODS_ROOT}/Manifest.lock\" > /dev/null\nif [ $? != 0 ] ; then\n    # print error to STDERR\n    echo \"error: The sandbox is not in sync with the Podfile.lock. Run 'pod install' or update your CocoaPods installation.\" >&2\n    exit 1\nfi\n# This output is used by Xcode 'outputs' to avoid re-running this script phase.\necho \"SUCCESS\" > \"${SCRIPT_OUTPUT_FILE_0}\"\n";
			showEnvVarsInLog = 0;
		};
/* End PBXShellScriptBuildPhase section */

/* Begin PBXSourcesBuildPhase section */
		3E37794129BE7F7C00094242 /* Sources */ = {
			isa = PBXSourcesBuildPhase;
			buildActionMask = 2147483647;
			files = (
				3EE8723629EB595A004A1CCD /* LanguageFilter.swift in Sources */,
				3EC80DBA29EC580A00D162A9 /* Profile.swift in Sources */,
				3E37797B29BE8B5300094242 /* VideoView.swift in Sources */,
				3E0F416529EC1F4C00A69DE6 /* FeaturedHome.swift in Sources */,
				3EC80DB829EC57D900D162A9 /* ModelData.swift in Sources */,
				3EE8723029EB473E004A1CCD /* RecommendationsHome.swift in Sources */,
				3E0F416929EC22D000A69DE6 /* FeaturesCategories.swift in Sources */,
				3EC80DB629EC57A900D162A9 /* ProfileHost.swift in Sources */,
				3E37794B29BE7F7C00094242 /* ContentView.swift in Sources */,
				3E0F416729EC224B00A69DE6 /* FeaturedRow.swift in Sources */,
				3EE8723229EB4FD6004A1CCD /* TaskFilter.swift in Sources */,
				3E0F416B29EC2C5000A69DE6 /* FeaturedVideoView.swift in Sources */,
				3EE8723429EB5337004A1CCD /* DateHelper.swift in Sources */,
				3E37797729BE892B00094242 /* Recommendation.swift in Sources */,
				3EC80DBE29EC595000D162A9 /* ProfileEditor.swift in Sources */,
				3EC80DBC29EC58A200D162A9 /* ProfileSummary.swift in Sources */,
				3E37794929BE7F7C00094242 /* TournesolAppiOSApp.swift in Sources */,
			);
			runOnlyForDeploymentPostprocessing = 0;
		};
		3E37795129BE7F7E00094242 /* Sources */ = {
			isa = PBXSourcesBuildPhase;
			buildActionMask = 2147483647;
			files = (
				3E37795A29BE7F7E00094242 /* TournesolAppiOSTests.swift in Sources */,
			);
			runOnlyForDeploymentPostprocessing = 0;
		};
		3E37795B29BE7F7E00094242 /* Sources */ = {
			isa = PBXSourcesBuildPhase;
			buildActionMask = 2147483647;
			files = (
				3E37796629BE7F7E00094242 /* TournesolAppiOSUITestsLaunchTests.swift in Sources */,
				3E37796429BE7F7E00094242 /* TournesolAppiOSUITests.swift in Sources */,
			);
			runOnlyForDeploymentPostprocessing = 0;
		};
/* End PBXSourcesBuildPhase section */

/* Begin PBXTargetDependency section */
		3E37795729BE7F7E00094242 /* PBXTargetDependency */ = {
			isa = PBXTargetDependency;
			target = 3E37794429BE7F7C00094242 /* TournesolAppiOS */;
			targetProxy = 3E37795629BE7F7E00094242 /* PBXContainerItemProxy */;
		};
		3E37796129BE7F7E00094242 /* PBXTargetDependency */ = {
			isa = PBXTargetDependency;
			target = 3E37794429BE7F7C00094242 /* TournesolAppiOS */;
			targetProxy = 3E37796029BE7F7E00094242 /* PBXContainerItemProxy */;
		};
/* End PBXTargetDependency section */

/* Begin XCBuildConfiguration section */
		3E37796729BE7F7E00094242 /* Debug */ = {
			isa = XCBuildConfiguration;
			buildSettings = {
				ALWAYS_SEARCH_USER_PATHS = NO;
				CLANG_ANALYZER_NONNULL = YES;
				CLANG_ANALYZER_NUMBER_OBJECT_CONVERSION = YES_AGGRESSIVE;
				CLANG_CXX_LANGUAGE_STANDARD = "gnu++20";
				CLANG_ENABLE_MODULES = YES;
				CLANG_ENABLE_OBJC_ARC = YES;
				CLANG_ENABLE_OBJC_WEAK = YES;
				CLANG_WARN_BLOCK_CAPTURE_AUTORELEASING = YES;
				CLANG_WARN_BOOL_CONVERSION = YES;
				CLANG_WARN_COMMA = YES;
				CLANG_WARN_CONSTANT_CONVERSION = YES;
				CLANG_WARN_DEPRECATED_OBJC_IMPLEMENTATIONS = YES;
				CLANG_WARN_DIRECT_OBJC_ISA_USAGE = YES_ERROR;
				CLANG_WARN_DOCUMENTATION_COMMENTS = YES;
				CLANG_WARN_EMPTY_BODY = YES;
				CLANG_WARN_ENUM_CONVERSION = YES;
				CLANG_WARN_INFINITE_RECURSION = YES;
				CLANG_WARN_INT_CONVERSION = YES;
				CLANG_WARN_NON_LITERAL_NULL_CONVERSION = YES;
				CLANG_WARN_OBJC_IMPLICIT_RETAIN_SELF = YES;
				CLANG_WARN_OBJC_LITERAL_CONVERSION = YES;
				CLANG_WARN_OBJC_ROOT_CLASS = YES_ERROR;
				CLANG_WARN_QUOTED_INCLUDE_IN_FRAMEWORK_HEADER = YES;
				CLANG_WARN_RANGE_LOOP_ANALYSIS = YES;
				CLANG_WARN_STRICT_PROTOTYPES = YES;
				CLANG_WARN_SUSPICIOUS_MOVE = YES;
				CLANG_WARN_UNGUARDED_AVAILABILITY = YES_AGGRESSIVE;
				CLANG_WARN_UNREACHABLE_CODE = YES;
				CLANG_WARN__DUPLICATE_METHOD_MATCH = YES;
				COPY_PHASE_STRIP = NO;
				DEBUG_INFORMATION_FORMAT = dwarf;
				ENABLE_STRICT_OBJC_MSGSEND = YES;
				ENABLE_TESTABILITY = YES;
				GCC_C_LANGUAGE_STANDARD = gnu11;
				GCC_DYNAMIC_NO_PIC = NO;
				GCC_NO_COMMON_BLOCKS = YES;
				GCC_OPTIMIZATION_LEVEL = 0;
				GCC_PREPROCESSOR_DEFINITIONS = (
					"DEBUG=1",
					"$(inherited)",
				);
				GCC_WARN_64_TO_32_BIT_CONVERSION = YES;
				GCC_WARN_ABOUT_RETURN_TYPE = YES_ERROR;
				GCC_WARN_UNDECLARED_SELECTOR = YES;
				GCC_WARN_UNINITIALIZED_AUTOS = YES_AGGRESSIVE;
				GCC_WARN_UNUSED_FUNCTION = YES;
				GCC_WARN_UNUSED_VARIABLE = YES;
				IPHONEOS_DEPLOYMENT_TARGET = 16.0;
				MTL_ENABLE_DEBUG_INFO = INCLUDE_SOURCE;
				MTL_FAST_MATH = YES;
				ONLY_ACTIVE_ARCH = YES;
				SDKROOT = iphoneos;
				SWIFT_ACTIVE_COMPILATION_CONDITIONS = DEBUG;
				SWIFT_OPTIMIZATION_LEVEL = "-Onone";
				SWIFT_VERSION = 5.0;
			};
			name = Debug;
		};
		3E37796829BE7F7E00094242 /* Release */ = {
			isa = XCBuildConfiguration;
			buildSettings = {
				ALWAYS_SEARCH_USER_PATHS = NO;
				CLANG_ANALYZER_NONNULL = YES;
				CLANG_ANALYZER_NUMBER_OBJECT_CONVERSION = YES_AGGRESSIVE;
				CLANG_CXX_LANGUAGE_STANDARD = "gnu++20";
				CLANG_ENABLE_MODULES = YES;
				CLANG_ENABLE_OBJC_ARC = YES;
				CLANG_ENABLE_OBJC_WEAK = YES;
				CLANG_WARN_BLOCK_CAPTURE_AUTORELEASING = YES;
				CLANG_WARN_BOOL_CONVERSION = YES;
				CLANG_WARN_COMMA = YES;
				CLANG_WARN_CONSTANT_CONVERSION = YES;
				CLANG_WARN_DEPRECATED_OBJC_IMPLEMENTATIONS = YES;
				CLANG_WARN_DIRECT_OBJC_ISA_USAGE = YES_ERROR;
				CLANG_WARN_DOCUMENTATION_COMMENTS = YES;
				CLANG_WARN_EMPTY_BODY = YES;
				CLANG_WARN_ENUM_CONVERSION = YES;
				CLANG_WARN_INFINITE_RECURSION = YES;
				CLANG_WARN_INT_CONVERSION = YES;
				CLANG_WARN_NON_LITERAL_NULL_CONVERSION = YES;
				CLANG_WARN_OBJC_IMPLICIT_RETAIN_SELF = YES;
				CLANG_WARN_OBJC_LITERAL_CONVERSION = YES;
				CLANG_WARN_OBJC_ROOT_CLASS = YES_ERROR;
				CLANG_WARN_QUOTED_INCLUDE_IN_FRAMEWORK_HEADER = YES;
				CLANG_WARN_RANGE_LOOP_ANALYSIS = YES;
				CLANG_WARN_STRICT_PROTOTYPES = YES;
				CLANG_WARN_SUSPICIOUS_MOVE = YES;
				CLANG_WARN_UNGUARDED_AVAILABILITY = YES_AGGRESSIVE;
				CLANG_WARN_UNREACHABLE_CODE = YES;
				CLANG_WARN__DUPLICATE_METHOD_MATCH = YES;
				COPY_PHASE_STRIP = NO;
				DEBUG_INFORMATION_FORMAT = "dwarf-with-dsym";
				ENABLE_NS_ASSERTIONS = NO;
				ENABLE_STRICT_OBJC_MSGSEND = YES;
				GCC_C_LANGUAGE_STANDARD = gnu11;
				GCC_NO_COMMON_BLOCKS = YES;
				GCC_WARN_64_TO_32_BIT_CONVERSION = YES;
				GCC_WARN_ABOUT_RETURN_TYPE = YES_ERROR;
				GCC_WARN_UNDECLARED_SELECTOR = YES;
				GCC_WARN_UNINITIALIZED_AUTOS = YES_AGGRESSIVE;
				GCC_WARN_UNUSED_FUNCTION = YES;
				GCC_WARN_UNUSED_VARIABLE = YES;
				IPHONEOS_DEPLOYMENT_TARGET = 16.0;
				MTL_ENABLE_DEBUG_INFO = NO;
				MTL_FAST_MATH = YES;
				SDKROOT = iphoneos;
				SWIFT_COMPILATION_MODE = wholemodule;
				SWIFT_OPTIMIZATION_LEVEL = "-O";
				SWIFT_VERSION = 5.0;
				VALIDATE_PRODUCT = YES;
			};
			name = Release;
		};
		3E37796A29BE7F7E00094242 /* Debug */ = {
			isa = XCBuildConfiguration;
			baseConfigurationReference = 67E9E01A20A7CB37C970AAA0 /* Pods-TournesolAppiOS.debug.xcconfig */;
			buildSettings = {
				ASSETCATALOG_COMPILER_APPICON_NAME = AppIcon;
				ASSETCATALOG_COMPILER_GLOBAL_ACCENT_COLOR_NAME = AccentColor;
				CODE_SIGN_STYLE = Automatic;
				CURRENT_PROJECT_VERSION = 1;
				DEVELOPMENT_ASSET_PATHS = "\"TournesolAppiOS/Preview Content\"";
				DEVELOPMENT_TEAM = Z99A9C88YG;
				ENABLE_PREVIEWS = YES;
				GENERATE_INFOPLIST_FILE = YES;
				INFOPLIST_FILE = TournesolAppiOS/Info.plist;
				INFOPLIST_KEY_CFBundleDisplayName = Tournesol;
				INFOPLIST_KEY_LSApplicationCategoryType = "public.app-category.education";
				INFOPLIST_KEY_UIApplicationSceneManifest_Generation = YES;
				INFOPLIST_KEY_UIApplicationSupportsIndirectInputEvents = YES;
				INFOPLIST_KEY_UILaunchScreen_Generation = YES;
				INFOPLIST_KEY_UIRequiresFullScreen = YES;
				INFOPLIST_KEY_UISupportedInterfaceOrientations = UIInterfaceOrientationPortrait;
				IPHONEOS_DEPLOYMENT_TARGET = 16.0;
				LD_RUNPATH_SEARCH_PATHS = (
					"$(inherited)",
					"@executable_path/Frameworks",
				);
				MARKETING_VERSION = 1.0;
				PRODUCT_BUNDLE_IDENTIFIER = com.jecarrez.TournesolAppiOS;
				PRODUCT_NAME = "$(TARGET_NAME)";
				SWIFT_EMIT_LOC_STRINGS = YES;
				SWIFT_VERSION = 5.0;
				TARGETED_DEVICE_FAMILY = "1,2";
			};
			name = Debug;
		};
		3E37796B29BE7F7E00094242 /* Release */ = {
			isa = XCBuildConfiguration;
			baseConfigurationReference = 3766C3C9E75D9E0EA79DE7D2 /* Pods-TournesolAppiOS.release.xcconfig */;
			buildSettings = {
				ASSETCATALOG_COMPILER_APPICON_NAME = AppIcon;
				ASSETCATALOG_COMPILER_GLOBAL_ACCENT_COLOR_NAME = AccentColor;
				CODE_SIGN_STYLE = Automatic;
				CURRENT_PROJECT_VERSION = 1;
				DEVELOPMENT_ASSET_PATHS = "\"TournesolAppiOS/Preview Content\"";
				DEVELOPMENT_TEAM = Z99A9C88YG;
				ENABLE_PREVIEWS = YES;
				GENERATE_INFOPLIST_FILE = YES;
				INFOPLIST_FILE = TournesolAppiOS/Info.plist;
				INFOPLIST_KEY_CFBundleDisplayName = Tournesol;
				INFOPLIST_KEY_LSApplicationCategoryType = "public.app-category.education";
				INFOPLIST_KEY_UIApplicationSceneManifest_Generation = YES;
				INFOPLIST_KEY_UIApplicationSupportsIndirectInputEvents = YES;
				INFOPLIST_KEY_UILaunchScreen_Generation = YES;
				INFOPLIST_KEY_UIRequiresFullScreen = YES;
				INFOPLIST_KEY_UISupportedInterfaceOrientations = UIInterfaceOrientationPortrait;
				IPHONEOS_DEPLOYMENT_TARGET = 16.0;
				LD_RUNPATH_SEARCH_PATHS = (
					"$(inherited)",
					"@executable_path/Frameworks",
				);
				MARKETING_VERSION = 1.0;
				PRODUCT_BUNDLE_IDENTIFIER = com.jecarrez.TournesolAppiOS;
				PRODUCT_NAME = "$(TARGET_NAME)";
				SWIFT_EMIT_LOC_STRINGS = YES;
				SWIFT_VERSION = 5.0;
				TARGETED_DEVICE_FAMILY = "1,2";
			};
			name = Release;
		};
		3E37796D29BE7F7E00094242 /* Debug */ = {
			isa = XCBuildConfiguration;
			baseConfigurationReference = C98FE3C47320ED770C86CF0B /* Pods-TournesolAppiOSTests.debug.xcconfig */;
			buildSettings = {
				ALWAYS_EMBED_SWIFT_STANDARD_LIBRARIES = YES;
				BUNDLE_LOADER = "$(TEST_HOST)";
				CODE_SIGN_STYLE = Automatic;
				CURRENT_PROJECT_VERSION = 1;
				DEVELOPMENT_TEAM = BCQ8AQWNFX;
				GENERATE_INFOPLIST_FILE = YES;
				IPHONEOS_DEPLOYMENT_TARGET = 16.2;
				MARKETING_VERSION = 1.0;
				PRODUCT_BUNDLE_IDENTIFIER = com.jecarrez.TournesolAppiOSTests;
				PRODUCT_NAME = "$(TARGET_NAME)";
				SWIFT_EMIT_LOC_STRINGS = NO;
				SWIFT_VERSION = 5.0;
				TARGETED_DEVICE_FAMILY = "1,2";
				TEST_HOST = "$(BUILT_PRODUCTS_DIR)/TournesolAppiOS.app/$(BUNDLE_EXECUTABLE_FOLDER_PATH)/TournesolAppiOS";
			};
			name = Debug;
		};
		3E37796E29BE7F7E00094242 /* Release */ = {
			isa = XCBuildConfiguration;
			baseConfigurationReference = C1502240372C3F96C0CBCCE3 /* Pods-TournesolAppiOSTests.release.xcconfig */;
			buildSettings = {
				ALWAYS_EMBED_SWIFT_STANDARD_LIBRARIES = YES;
				BUNDLE_LOADER = "$(TEST_HOST)";
				CODE_SIGN_STYLE = Automatic;
				CURRENT_PROJECT_VERSION = 1;
				DEVELOPMENT_TEAM = BCQ8AQWNFX;
				GENERATE_INFOPLIST_FILE = YES;
				IPHONEOS_DEPLOYMENT_TARGET = 16.2;
				MARKETING_VERSION = 1.0;
				PRODUCT_BUNDLE_IDENTIFIER = com.jecarrez.TournesolAppiOSTests;
				PRODUCT_NAME = "$(TARGET_NAME)";
				SWIFT_EMIT_LOC_STRINGS = NO;
				SWIFT_VERSION = 5.0;
				TARGETED_DEVICE_FAMILY = "1,2";
				TEST_HOST = "$(BUILT_PRODUCTS_DIR)/TournesolAppiOS.app/$(BUNDLE_EXECUTABLE_FOLDER_PATH)/TournesolAppiOS";
			};
			name = Release;
		};
		3E37797029BE7F7E00094242 /* Debug */ = {
			isa = XCBuildConfiguration;
			baseConfigurationReference = C58260743BB5C260F2B02CD9 /* Pods-TournesolAppiOS-TournesolAppiOSUITests.debug.xcconfig */;
			buildSettings = {
				ALWAYS_EMBED_SWIFT_STANDARD_LIBRARIES = YES;
				CODE_SIGN_STYLE = Automatic;
				CURRENT_PROJECT_VERSION = 1;
				DEVELOPMENT_TEAM = BCQ8AQWNFX;
				GENERATE_INFOPLIST_FILE = YES;
				MARKETING_VERSION = 1.0;
				PRODUCT_BUNDLE_IDENTIFIER = com.jecarrez.TournesolAppiOSUITests;
				PRODUCT_NAME = "$(TARGET_NAME)";
				SWIFT_EMIT_LOC_STRINGS = NO;
				SWIFT_VERSION = 5.0;
				TARGETED_DEVICE_FAMILY = "1,2";
				TEST_TARGET_NAME = TournesolAppiOS;
			};
			name = Debug;
		};
		3E37797129BE7F7E00094242 /* Release */ = {
			isa = XCBuildConfiguration;
			baseConfigurationReference = B01260D99CFC1B4ECA9693C7 /* Pods-TournesolAppiOS-TournesolAppiOSUITests.release.xcconfig */;
			buildSettings = {
				ALWAYS_EMBED_SWIFT_STANDARD_LIBRARIES = YES;
				CODE_SIGN_STYLE = Automatic;
				CURRENT_PROJECT_VERSION = 1;
				DEVELOPMENT_TEAM = BCQ8AQWNFX;
				GENERATE_INFOPLIST_FILE = YES;
				MARKETING_VERSION = 1.0;
				PRODUCT_BUNDLE_IDENTIFIER = com.jecarrez.TournesolAppiOSUITests;
				PRODUCT_NAME = "$(TARGET_NAME)";
				SWIFT_EMIT_LOC_STRINGS = NO;
				SWIFT_VERSION = 5.0;
				TARGETED_DEVICE_FAMILY = "1,2";
				TEST_TARGET_NAME = TournesolAppiOS;
			};
			name = Release;
		};
/* End XCBuildConfiguration section */

/* Begin XCConfigurationList section */
		3E37794029BE7F7C00094242 /* Build configuration list for PBXProject "TournesolAppiOS" */ = {
			isa = XCConfigurationList;
			buildConfigurations = (
				3E37796729BE7F7E00094242 /* Debug */,
				3E37796829BE7F7E00094242 /* Release */,
			);
			defaultConfigurationIsVisible = 0;
			defaultConfigurationName = Release;
		};
		3E37796929BE7F7E00094242 /* Build configuration list for PBXNativeTarget "TournesolAppiOS" */ = {
			isa = XCConfigurationList;
			buildConfigurations = (
				3E37796A29BE7F7E00094242 /* Debug */,
				3E37796B29BE7F7E00094242 /* Release */,
			);
			defaultConfigurationIsVisible = 0;
			defaultConfigurationName = Release;
		};
		3E37796C29BE7F7E00094242 /* Build configuration list for PBXNativeTarget "TournesolAppiOSTests" */ = {
			isa = XCConfigurationList;
			buildConfigurations = (
				3E37796D29BE7F7E00094242 /* Debug */,
				3E37796E29BE7F7E00094242 /* Release */,
			);
			defaultConfigurationIsVisible = 0;
			defaultConfigurationName = Release;
		};
		3E37796F29BE7F7E00094242 /* Build configuration list for PBXNativeTarget "TournesolAppiOSUITests" */ = {
			isa = XCConfigurationList;
			buildConfigurations = (
				3E37797029BE7F7E00094242 /* Debug */,
				3E37797129BE7F7E00094242 /* Release */,
			);
			defaultConfigurationIsVisible = 0;
			defaultConfigurationName = Release;
		};
/* End XCConfigurationList section */
	};
	rootObject = 3E37793D29BE7F7C00094242 /* Project object */;
}
